
Microsoft Visual Studio Solution File, Format Version 12.00
# Visual Studio Version 17
VisualStudioVersion = 17.7.34202.233
MinimumVisualStudioVersion = 10.0.40219.1
Project("{FAE04EC0-301F-11D3-BF4B-00C04F79EFBC}") = "PORTAL", "PORTAL\PORTAL.csproj", "{B8C61FD1-A0AC-47B8-8D27-577F548400CF}"
EndProject
Global
	GlobalSection(SolutionConfigurationPlatforms) = preSolution
		Debug|Any CPU = Debug|Any CPU
		Release|Any CPU = Release|Any CPU
	EndGlobalSection
	GlobalSection(ProjectConfigurationPlatforms) = postSolution
		{B8C61FD1-A0AC-47B8-8D27-577F548400CF}.Debug|Any CPU.ActiveCfg = Debug|Any CPU
		{B8C61FD1-A0AC-47B8-8D27-577F548400CF}.Debug|Any CPU.Build.0 = Debug|Any CPU
		{B8C61FD1-A0AC-47B8-8D27-577F548400CF}.Release|Any CPU.ActiveCfg = Release|Any CPU
		{B8C61FD1-A0AC-47B8-8D27-577F548400CF}.Release|Any CPU.Build.0 = Release|Any CPU
	EndGlobalSection
	GlobalSection(SolutionProperties) = preSolution
		HideSolutionNode = FALSE
	EndGlobalSection
	GlobalSection(ExtensibilityGlobals) = postSolution
		SolutionGuid = {97E90F2B-0616-40C8-976D-17FC6E209CC8}
	EndGlobalSection
EndGlobal
